{
  "name": "eslint-config-tjw-jsdoc",
  "version": "1.0.0",
  "lockfileVersion": 1,
  "requires": true,
  "dependencies": {
    "@es-joy/jsdoccomment": {
      "version": "0.10.7",
      "resolved": "https://registry.npmjs.org/@es-joy/jsdoccomment/-/jsdoccomment-0.10.7.tgz",
      "integrity": "sha512-aNKZEoMESDzOBjKxCWrFuG50mcpMeKVBnBNko4+IZZ5t9zXYs8GT1KB0ZaOq1YUsKumDRc6YII/TQm309MJ0KQ==",
      "requires": {
        "comment-parser": "1.2.3",
        "esquery": "^1.4.0",
        "jsdoc-type-pratt-parser": "1.1.1"
      }
    },
    "comment-parser": {
      "version": "1.2.3",
      "resolved": "https://registry.npmjs.org/comment-parser/-/comment-parser-1.2.3.tgz",
      "integrity": "sha512-vnqDwBSXSsdAkGS5NjwMIPelE47q+UkEgWKHvCDNhVIIaQSUFY6sNnEYGzdoPGMdpV+7KR3ZkRd7oyWIjtuvJg=="
    },
    "debug": {
      "version": "4.3.2",
      "resolved": "https://registry.npmjs.org/debug/-/debug-4.3.2.tgz",
      "integrity": "sha512-mOp8wKcvj7XxC78zLgw/ZA+6TSgkoE2C/ienthhRD298T7UNwAg9diBpLRxC0mOezLl4B0xV7M0cCO6P/O0Xhw==",
      "requires": {
        "ms": "2.1.2"
      }
    },
    "eslint-plugin-jsdoc": {
      "version": "36.0.6",
      "resolved": "https://registry.npmjs.org/eslint-plugin-jsdoc/-/eslint-plugin-jsdoc-36.0.6.tgz",
      "integrity": "sha512-vOm27rI2SMfi1bOAYmzzGkanMCD/boquKwvN5ECi8EF9ASsXJwlnCzYtiOYpsDpbC2+6JXEHAmWMkqYNA3BWRw==",
      "requires": {
        "@es-joy/jsdoccomment": "0.10.7",
        "comment-parser": "1.2.3",
        "debug": "^4.3.2",
        "esquery": "^1.4.0",
        "jsdoc-type-pratt-parser": "^1.1.1",
        "lodash": "^4.17.21",
        "regextras": "^0.8.0",
        "semver": "^7.3.5",
        "spdx-expression-parse": "^3.0.1"
      }
    },
    "esquery": {
      "version": "1.4.0",
      "resolved": "https://registry.npmjs.org/esquery/-/esquery-1.4.0.tgz",
      "integrity": "sha512-cCDispWt5vHHtwMY2YrAQ4ibFkAL8RbH5YGBnZBc90MolvvfkkQcJro/aZiAQUlQ3qgrYS6D6v8Gc5G5CQsc9w==",
      "requires": {
        "estraverse": "^5.1.0"
      }
    },
    "estraverse": {
      "version": "5.2.0",
      "resolved": "https://registry.npmjs.org/estraverse/-/estraverse-5.2.0.tgz",
      "integrity": "sha512-BxbNGGNm0RyRYvUdHpIwv9IWzeM9XClbOxwoATuFdOE7ZE6wHL+HQ5T8hoPM+zHvmKzzsEqhgy0GrQ5X13afiQ=="
    },
    "jsdoc-type-pratt-parser": {
      "version": "1.1.1",
      "resolved": "https://registry.npmjs.org/jsdoc-type-pratt-parser/-/jsdoc-type-pratt-parser-1.1.1.tgz",
      "integrity": "sha512-uelRmpghNwPBuZScwgBG/OzodaFk5RbO5xaivBdsAY70icWfShwZ7PCMO0x1zSkOa8T1FzHThmrdoyg/0AwV5g=="
    },
    "lodash": {
      "version": "4.17.21",
      "resolved": "https://registry.npmjs.org/lodash/-/lodash-4.17.21.tgz",
      "integrity": "sha512-v2kDEe57lecTulaDIuNTPy3Ry4gLGJ6Z1O3vE1krgXZNrsQ+LFTGHVxVjcXPs17LhbZVGedAJv8XZ1tvj5FvSg=="
    },
    "lru-cache": {
      "version": "6.0.0",
      "resolved": "https://registry.npmjs.org/lru-cache/-/lru-cache-6.0.0.tgz",
      "integrity": "sha512-Jo6dJ04CmSjuznwJSS3pUeWmd/H0ffTlkXXgwZi+eq1UCmqQwCh+eLsYOYCwY991i2Fah4h1BEMCx4qThGbsiA==",
      "requires": {
        "yallist": "^4.0.0"
      }
    },
    "ms": {
      "version": "2.1.2",
      "resolved": "https://registry.npmjs.org/ms/-/ms-2.1.2.tgz",
      "integrity": "sha512-sGkPx+VjMtmA6MX27oA4FBFELFCZZ4S4XqeGOXCv68tT+jb3vk/RyaKWP0PTKyWtmLSM0b+adUTEvbs1PEaH2w=="
    },
    "regextras": {
      "version": "0.8.0",
      "resolved": "https://registry.npmjs.org/regextras/-/regextras-0.8.0.tgz",
      "integrity": "sha512-k519uI04Z3SaY0fLX843MRXnDeG2+vHOFsyhiPZvNLe7r8rD2YNRjq4BQLZZ0oAr2NrtvZlICsXysGNFPGa3CQ=="
    },
    "semver": {
      "version": "7.3.5",
      "resolved": "https://registry.npmjs.org/semver/-/semver-7.3.5.tgz",
      "integrity": "sha512-PoeGJYh8HK4BTO/a9Tf6ZG3veo/A7ZVsYrSA6J8ny9nb3B1VrpkuN+z9OE5wfE5p6H4LchYZsegiQgbJD94ZFQ==",
      "requires": {
        "lru-cache": "^6.0.0"
      }
    },
    "spdx-exceptions": {
      "version": "2.3.0",
      "resolved": "https://registry.npmjs.org/spdx-exceptions/-/spdx-exceptions-2.3.0.tgz",
      "integrity": "sha512-/tTrYOC7PPI1nUAgx34hUpqXuyJG+DTHJTnIULG4rDygi4xu/tfgmq1e1cIRwRzwZgo4NLySi+ricLkZkw4i5A=="
    },
    "spdx-expression-parse": {
      "version": "3.0.1",
      "resolved": "https://registry.npmjs.org/spdx-expression-parse/-/spdx-expression-parse-3.0.1.tgz",
      "integrity": "sha512-cbqHunsQWnJNE6KhVSMsMeH5H/L9EpymbzqTQ3uLwNCLZ1Q481oWaofqH7nO6V07xlXwY6PhQdQ2IedWx/ZK4Q==",
      "requires": {
        "spdx-exceptions": "^2.1.0",
        "spdx-license-ids": "^3.0.0"
      }
    },
    "spdx-license-ids": {
      "version": "3.0.9",
      "resolved": "https://registry.npmjs.org/spdx-license-ids/-/spdx-license-ids-3.0.9.tgz",
      "integrity": "sha512-Ki212dKK4ogX+xDo4CtOZBVIwhsKBEfsEEcwmJfLQzirgc2jIWdzg40Unxz/HzEUqM1WFzVlQSMF9kZZ2HboLQ=="
    },
    "yallist": {
      "version": "4.0.0",
      "resolved": "https://registry.npmjs.org/yallist/-/yallist-4.0.0.tgz",
      "integrity": "sha512-3wdGidZyq5PB084XLES5TpOSRA3wjXAlIWMhum2kRcv/41Sn2emQ0dycQW4uZXLejwKvg6EsvbdlVL+FYEct7A=="
    }
  }
}
